
Microsoft Visual Studio Solution File, Format Version 12.00
# Visual Studio 15
VisualStudioVersion = 15.0.28307.1684
MinimumVisualStudioVersion = 10.0.40219.1
Project("{FAE04EC0-301F-11D3-BF4B-00C04F79EFBC}") = "Dungeon", "Dungeon\Dungeon.csproj", "{9E93A0DA-E55E-4CF1-BAEC-C429E5582A27}"
EndProject
Project("{FAE04EC0-301F-11D3-BF4B-00C04F79EFBC}") = "ClassLibrary", "ClassLibrary\ClassLibrary.csproj", "{3EDA186C-1944-456B-8B32-37B9FF81B850}"
EndProject
Global
	GlobalSection(SolutionConfigurationPlatforms) = preSolution
		Debug|Any CPU = Debug|Any CPU
		Release|Any CPU = Release|Any CPU
	EndGlobalSection
	GlobalSection(ProjectConfigurationPlatforms) = postSolution
		{9E93A0DA-E55E-4CF1-BAEC-C429E5582A27}.Debug|Any CPU.ActiveCfg = Debug|Any CPU
		{9E93A0DA-E55E-4CF1-BAEC-C429E5582A27}.Debug|Any CPU.Build.0 = Debug|Any CPU
		{9E93A0DA-E55E-4CF1-BAEC-C429E5582A27}.Release|Any CPU.ActiveCfg = Release|Any CPU
		{9E93A0DA-E55E-4CF1-BAEC-C429E5582A27}.Release|Any CPU.Build.0 = Release|Any CPU
		{3EDA186C-1944-456B-8B32-37B9FF81B850}.Debug|Any CPU.ActiveCfg = Debug|Any CPU
		{3EDA186C-1944-456B-8B32-37B9FF81B850}.Debug|Any CPU.Build.0 = Debug|Any CPU
		{3EDA186C-1944-456B-8B32-37B9FF81B850}.Release|Any CPU.ActiveCfg = Release|Any CPU
		{3EDA186C-1944-456B-8B32-37B9FF81B850}.Release|Any CPU.Build.0 = Release|Any CPU
	EndGlobalSection
	GlobalSection(SolutionProperties) = preSolution
		HideSolutionNode = FALSE
	EndGlobalSection
	GlobalSection(ExtensibilityGlobals) = postSolution
		SolutionGuid = {5A595A50-A6F5-4032-86A5-04E5E26720FF}
	EndGlobalSection
EndGlobal
